
Microsoft Visual Studio Solution File, Format Version 12.00
# Visual Studio Version 16
VisualStudioVersion = 16.0.31613.86
MinimumVisualStudioVersion = 10.0.40219.1
Project("{FAE04EC0-301F-11D3-BF4B-00C04F79EFBC}") = "ECE2310_HW8", "ECE2310_HW8\ECE2310_HW8.csproj", "{5ACB4065-A7A3-4BFE-97D4-71FE0023933D}"
EndProject
Global
	GlobalSection(SolutionConfigurationPlatforms) = preSolution
		Debug|Any CPU = Debug|Any CPU
		Release|Any CPU = Release|Any CPU
	EndGlobalSection
	GlobalSection(ProjectConfigurationPlatforms) = postSolution
		{5ACB4065-A7A3-4BFE-97D4-71FE0023933D}.Debug|Any CPU.ActiveCfg = Debug|Any CPU
		{5ACB4065-A7A3-4BFE-97D4-71FE0023933D}.Debug|Any CPU.Build.0 = Debug|Any CPU
		{5ACB4065-A7A3-4BFE-97D4-71FE0023933D}.Release|Any CPU.ActiveCfg = Release|Any CPU
		{5ACB4065-A7A3-4BFE-97D4-71FE0023933D}.Release|Any CPU.Build.0 = Release|Any CPU
	EndGlobalSection
	GlobalSection(SolutionProperties) = preSolution
		HideSolutionNode = FALSE
	EndGlobalSection
	GlobalSection(ExtensibilityGlobals) = postSolution
		SolutionGuid = {F0736EC6-A50B-4BF1-BEDE-654DAE36E039}
	EndGlobalSection
EndGlobal
