
Microsoft Visual Studio Solution File, Format Version 12.00
# Visual Studio Version 16
VisualStudioVersion = 16.0.31613.86
MinimumVisualStudioVersion = 10.0.40219.1
Project("{FAE04EC0-301F-11D3-BF4B-00C04F79EFBC}") = "ECE2310_Hw_07", "ECE2310_Hw_07\ECE2310_Hw_07.csproj", "{BB7EC34D-5B89-4EC7-8832-9EB6EAB68D38}"
EndProject
Global
	GlobalSection(SolutionConfigurationPlatforms) = preSolution
		Debug|Any CPU = Debug|Any CPU
		Release|Any CPU = Release|Any CPU
	EndGlobalSection
	GlobalSection(ProjectConfigurationPlatforms) = postSolution
		{BB7EC34D-5B89-4EC7-8832-9EB6EAB68D38}.Debug|Any CPU.ActiveCfg = Debug|Any CPU
		{BB7EC34D-5B89-4EC7-8832-9EB6EAB68D38}.Debug|Any CPU.Build.0 = Debug|Any CPU
		{BB7EC34D-5B89-4EC7-8832-9EB6EAB68D38}.Release|Any CPU.ActiveCfg = Release|Any CPU
		{BB7EC34D-5B89-4EC7-8832-9EB6EAB68D38}.Release|Any CPU.Build.0 = Release|Any CPU
	EndGlobalSection
	GlobalSection(SolutionProperties) = preSolution
		HideSolutionNode = FALSE
	EndGlobalSection
	GlobalSection(ExtensibilityGlobals) = postSolution
		SolutionGuid = {505E49F7-4851-4B5E-9CE8-0D7813333859}
	EndGlobalSection
EndGlobal
