
Microsoft Visual Studio Solution File, Format Version 12.00
# Visual Studio Version 16
VisualStudioVersion = 16.0.31613.86
MinimumVisualStudioVersion = 10.0.40219.1
Project("{FAE04EC0-301F-11D3-BF4B-00C04F79EFBC}") = "ECE2310_Hw05", "ECE2310_Hw05\ECE2310_Hw05.csproj", "{358E934C-F386-412A-B415-73D3FD5BC235}"
EndProject
Global
	GlobalSection(SolutionConfigurationPlatforms) = preSolution
		Debug|Any CPU = Debug|Any CPU
		Release|Any CPU = Release|Any CPU
	EndGlobalSection
	GlobalSection(ProjectConfigurationPlatforms) = postSolution
		{358E934C-F386-412A-B415-73D3FD5BC235}.Debug|Any CPU.ActiveCfg = Debug|Any CPU
		{358E934C-F386-412A-B415-73D3FD5BC235}.Debug|Any CPU.Build.0 = Debug|Any CPU
		{358E934C-F386-412A-B415-73D3FD5BC235}.Release|Any CPU.ActiveCfg = Release|Any CPU
		{358E934C-F386-412A-B415-73D3FD5BC235}.Release|Any CPU.Build.0 = Release|Any CPU
	EndGlobalSection
	GlobalSection(SolutionProperties) = preSolution
		HideSolutionNode = FALSE
	EndGlobalSection
	GlobalSection(ExtensibilityGlobals) = postSolution
		SolutionGuid = {762BB765-7ACF-4426-BD5F-05DB24F79485}
	EndGlobalSection
EndGlobal
