
Microsoft Visual Studio Solution File, Format Version 12.00
# Visual Studio Version 16
VisualStudioVersion = 16.0.31613.86
MinimumVisualStudioVersion = 10.0.40219.1
Project("{FAE04EC0-301F-11D3-BF4B-00C04F79EFBC}") = "ECE2310_Hw3", "ECE2310_Hw3\ECE2310_Hw3.csproj", "{CE7B282F-5120-489C-9EA0-501096464A29}"
EndProject
Global
	GlobalSection(SolutionConfigurationPlatforms) = preSolution
		Debug|Any CPU = Debug|Any CPU
		Release|Any CPU = Release|Any CPU
	EndGlobalSection
	GlobalSection(ProjectConfigurationPlatforms) = postSolution
		{CE7B282F-5120-489C-9EA0-501096464A29}.Debug|Any CPU.ActiveCfg = Debug|Any CPU
		{CE7B282F-5120-489C-9EA0-501096464A29}.Debug|Any CPU.Build.0 = Debug|Any CPU
		{CE7B282F-5120-489C-9EA0-501096464A29}.Release|Any CPU.ActiveCfg = Release|Any CPU
		{CE7B282F-5120-489C-9EA0-501096464A29}.Release|Any CPU.Build.0 = Release|Any CPU
	EndGlobalSection
	GlobalSection(SolutionProperties) = preSolution
		HideSolutionNode = FALSE
	EndGlobalSection
	GlobalSection(ExtensibilityGlobals) = postSolution
		SolutionGuid = {51EE7BF5-330C-43F4-8FA8-3A3A2C2DA85D}
	EndGlobalSection
EndGlobal
